
Microsoft Visual Studio Solution File, Format Version 12.00
# Visual Studio Version 17
VisualStudioVersion = 17.14.36301.6
MinimumVisualStudioVersion = 10.0.40219.1
Project("{FAE04EC0-301F-11D3-BF4B-00C04F79EFBC}") = "MendRenovateProjects", "MendRenovateProjects\MendRenovateProjects.csproj", "{6462B0E5-D9C9-40E5-9EDB-A7AF539D0E60}"
EndProject
Project("{FAE04EC0-301F-11D3-BF4B-00C04F79EFBC}") = "ConsolProjects", "ConsolProjects\ConsolProjects.csproj", "{C080EA4B-77F0-42F7-B192-0F0D85ACFD8B}"
EndProject
Project("{FAE04EC0-301F-11D3-BF4B-00C04F79EFBC}") = "WebApplication1", "WebApplication1\WebApplication1.csproj", "{CA550116-373A-4AA5-BC9C-C021F4663069}"
EndProject
Project("{FAE04EC0-301F-11D3-BF4B-00C04F79EFBC}") = "MendRenovateSummary", "MendRenovateSummary\MendRenovateSummary.csproj", "{B5471D9A-C0A6-4B90-9173-3AC946448E54}"
EndProject
Global
	GlobalSection(SolutionConfigurationPlatforms) = preSolution
		Debug|Any CPU = Debug|Any CPU
		Release|Any CPU = Release|Any CPU
	EndGlobalSection
	GlobalSection(ProjectConfigurationPlatforms) = postSolution
		{6462B0E5-D9C9-40E5-9EDB-A7AF539D0E60}.Debug|Any CPU.ActiveCfg = Debug|Any CPU
		{6462B0E5-D9C9-40E5-9EDB-A7AF539D0E60}.Debug|Any CPU.Build.0 = Debug|Any CPU
		{6462B0E5-D9C9-40E5-9EDB-A7AF539D0E60}.Release|Any CPU.ActiveCfg = Release|Any CPU
		{6462B0E5-D9C9-40E5-9EDB-A7AF539D0E60}.Release|Any CPU.Build.0 = Release|Any CPU
		{C080EA4B-77F0-42F7-B192-0F0D85ACFD8B}.Debug|Any CPU.ActiveCfg = Debug|Any CPU
		{C080EA4B-77F0-42F7-B192-0F0D85ACFD8B}.Debug|Any CPU.Build.0 = Debug|Any CPU
		{C080EA4B-77F0-42F7-B192-0F0D85ACFD8B}.Release|Any CPU.ActiveCfg = Release|Any CPU
		{C080EA4B-77F0-42F7-B192-0F0D85ACFD8B}.Release|Any CPU.Build.0 = Release|Any CPU
		{CA550116-373A-4AA5-BC9C-C021F4663069}.Debug|Any CPU.ActiveCfg = Debug|Any CPU
		{CA550116-373A-4AA5-BC9C-C021F4663069}.Debug|Any CPU.Build.0 = Debug|Any CPU
		{CA550116-373A-4AA5-BC9C-C021F4663069}.Release|Any CPU.ActiveCfg = Release|Any CPU
		{CA550116-373A-4AA5-BC9C-C021F4663069}.Release|Any CPU.Build.0 = Release|Any CPU
		{B5471D9A-C0A6-4B90-9173-3AC946448E54}.Debug|Any CPU.ActiveCfg = Debug|Any CPU
		{B5471D9A-C0A6-4B90-9173-3AC946448E54}.Debug|Any CPU.Build.0 = Debug|Any CPU
		{B5471D9A-C0A6-4B90-9173-3AC946448E54}.Release|Any CPU.ActiveCfg = Release|Any CPU
		{B5471D9A-C0A6-4B90-9173-3AC946448E54}.Release|Any CPU.Build.0 = Release|Any CPU
	EndGlobalSection
	GlobalSection(SolutionProperties) = preSolution
		HideSolutionNode = FALSE
	EndGlobalSection
	GlobalSection(ExtensibilityGlobals) = postSolution
		SolutionGuid = {E8765BA2-F096-4979-82D3-FBC877ADE403}
	EndGlobalSection
EndGlobal
