
Microsoft Visual Studio Solution File, Format Version 12.00
# Visual Studio Version 17
VisualStudioVersion = 17.14.36301.6 d17.14
MinimumVisualStudioVersion = 10.0.40219.1
Project("{FAE04EC0-301F-11D3-BF4B-00C04F79EFBC}") = "MendRenovateProjects", "MendRenovateProjects\MendRenovateProjects.csproj", "{6462B0E5-D9C9-40E5-9EDB-A7AF539D0E60}"
EndProject
Global
	GlobalSection(SolutionConfigurationPlatforms) = preSolution
		Debug|Any CPU = Debug|Any CPU
		Release|Any CPU = Release|Any CPU
	EndGlobalSection
	GlobalSection(ProjectConfigurationPlatforms) = postSolution
		{6462B0E5-D9C9-40E5-9EDB-A7AF539D0E60}.Debug|Any CPU.ActiveCfg = Debug|Any CPU
		{6462B0E5-D9C9-40E5-9EDB-A7AF539D0E60}.Debug|Any CPU.Build.0 = Debug|Any CPU
		{6462B0E5-D9C9-40E5-9EDB-A7AF539D0E60}.Release|Any CPU.ActiveCfg = Release|Any CPU
		{6462B0E5-D9C9-40E5-9EDB-A7AF539D0E60}.Release|Any CPU.Build.0 = Release|Any CPU
	EndGlobalSection
	GlobalSection(SolutionProperties) = preSolution
		HideSolutionNode = FALSE
	EndGlobalSection
	GlobalSection(ExtensibilityGlobals) = postSolution
		SolutionGuid = {E8765BA2-F096-4979-82D3-FBC877ADE403}
	EndGlobalSection
EndGlobal
